
Microsoft Visual Studio Solution File, Format Version 12.00
# Visual Studio 2012
Project("{FAE04EC0-301F-11D3-BF4B-00C04F79EFBC}") = "Pong", "Pong.csproj", "{F39DDEF3-2FDD-4E69-8131-76CB73566783}"
EndProject
Project("{D954291E-2A0B-460D-934E-DC6B0785DB48}") = "Thomas", "Thomas\Thomas.shproj", "{85673F3B-7329-40F2-A002-CC80818F849D}"
EndProject
Global
	GlobalSection(SolutionConfigurationPlatforms) = preSolution
		Debug|x86 = Debug|x86
		Release|x86 = Release|x86
	EndGlobalSection
	GlobalSection(ProjectConfigurationPlatforms) = postSolution
		{F39DDEF3-2FDD-4E69-8131-76CB73566783}.Debug|x86.ActiveCfg = Debug|x86
		{F39DDEF3-2FDD-4E69-8131-76CB73566783}.Debug|x86.Build.0 = Debug|x86
		{F39DDEF3-2FDD-4E69-8131-76CB73566783}.Release|x86.ActiveCfg = Release|x86
		{F39DDEF3-2FDD-4E69-8131-76CB73566783}.Release|x86.Build.0 = Release|x86
	EndGlobalSection
EndGlobal
